
Microsoft Visual Studio Solution File, Format Version 12.00
# Visual Studio Version 17
VisualStudioVersion = 17.0.31903.59
MinimumVisualStudioVersion = 10.0.40219.1
Project("{FAE04EC0-301F-11D3-BF4B-00C04F79EFBC}") = "ProCrud.Api", "ProCrud.Api\ProCrud.Api.csproj", "{0333A231-5E6E-49B3-97B8-7F925BF679DF}"
EndProject
Project("{FAE04EC0-301F-11D3-BF4B-00C04F79EFBC}") = "ProCrud.Client", "ProCrud.Client\ProCrud.Client.csproj", "{320E3FCE-1249-4852-8FD0-3C2C002CBA4C}"
EndProject
Project("{FAE04EC0-301F-11D3-BF4B-00C04F79EFBC}") = "ProCrud.Shared", "ProCrud.Shared\ProCrud.Shared.csproj", "{AF70423E-6C32-4E72-98B4-9C4651B061AD}"
EndProject
Global
	GlobalSection(SolutionConfigurationPlatforms) = preSolution
		Debug|Any CPU = Debug|Any CPU
		Debug|x64 = Debug|x64
		Debug|x86 = Debug|x86
		Release|Any CPU = Release|Any CPU
		Release|x64 = Release|x64
		Release|x86 = Release|x86
	EndGlobalSection
	GlobalSection(ProjectConfigurationPlatforms) = postSolution
		{0333A231-5E6E-49B3-97B8-7F925BF679DF}.Debug|Any CPU.ActiveCfg = Debug|Any CPU
		{0333A231-5E6E-49B3-97B8-7F925BF679DF}.Debug|Any CPU.Build.0 = Debug|Any CPU
		{0333A231-5E6E-49B3-97B8-7F925BF679DF}.Debug|x64.ActiveCfg = Debug|Any CPU
		{0333A231-5E6E-49B3-97B8-7F925BF679DF}.Debug|x64.Build.0 = Debug|Any CPU
		{0333A231-5E6E-49B3-97B8-7F925BF679DF}.Debug|x86.ActiveCfg = Debug|Any CPU
		{0333A231-5E6E-49B3-97B8-7F925BF679DF}.Debug|x86.Build.0 = Debug|Any CPU
		{0333A231-5E6E-49B3-97B8-7F925BF679DF}.Release|Any CPU.ActiveCfg = Release|Any CPU
		{0333A231-5E6E-49B3-97B8-7F925BF679DF}.Release|Any CPU.Build.0 = Release|Any CPU
		{0333A231-5E6E-49B3-97B8-7F925BF679DF}.Release|x64.ActiveCfg = Release|Any CPU
		{0333A231-5E6E-49B3-97B8-7F925BF679DF}.Release|x64.Build.0 = Release|Any CPU
		{0333A231-5E6E-49B3-97B8-7F925BF679DF}.Release|x86.ActiveCfg = Release|Any CPU
		{0333A231-5E6E-49B3-97B8-7F925BF679DF}.Release|x86.Build.0 = Release|Any CPU
		{320E3FCE-1249-4852-8FD0-3C2C002CBA4C}.Debug|Any CPU.ActiveCfg = Debug|Any CPU
		{320E3FCE-1249-4852-8FD0-3C2C002CBA4C}.Debug|Any CPU.Build.0 = Debug|Any CPU
		{320E3FCE-1249-4852-8FD0-3C2C002CBA4C}.Debug|x64.ActiveCfg = Debug|Any CPU
		{320E3FCE-1249-4852-8FD0-3C2C002CBA4C}.Debug|x64.Build.0 = Debug|Any CPU
		{320E3FCE-1249-4852-8FD0-3C2C002CBA4C}.Debug|x86.ActiveCfg = Debug|Any CPU
		{320E3FCE-1249-4852-8FD0-3C2C002CBA4C}.Debug|x86.Build.0 = Debug|Any CPU
		{320E3FCE-1249-4852-8FD0-3C2C002CBA4C}.Release|Any CPU.ActiveCfg = Release|Any CPU
		{320E3FCE-1249-4852-8FD0-3C2C002CBA4C}.Release|Any CPU.Build.0 = Release|Any CPU
		{320E3FCE-1249-4852-8FD0-3C2C002CBA4C}.Release|x64.ActiveCfg = Release|Any CPU
		{320E3FCE-1249-4852-8FD0-3C2C002CBA4C}.Release|x64.Build.0 = Release|Any CPU
		{320E3FCE-1249-4852-8FD0-3C2C002CBA4C}.Release|x86.ActiveCfg = Release|Any CPU
		{320E3FCE-1249-4852-8FD0-3C2C002CBA4C}.Release|x86.Build.0 = Release|Any CPU
		{AF70423E-6C32-4E72-98B4-9C4651B061AD}.Debug|Any CPU.ActiveCfg = Debug|Any CPU
		{AF70423E-6C32-4E72-98B4-9C4651B061AD}.Debug|Any CPU.Build.0 = Debug|Any CPU
		{AF70423E-6C32-4E72-98B4-9C4651B061AD}.Debug|x64.ActiveCfg = Debug|Any CPU
		{AF70423E-6C32-4E72-98B4-9C4651B061AD}.Debug|x64.Build.0 = Debug|Any CPU
		{AF70423E-6C32-4E72-98B4-9C4651B061AD}.Debug|x86.ActiveCfg = Debug|Any CPU
		{AF70423E-6C32-4E72-98B4-9C4651B061AD}.Debug|x86.Build.0 = Debug|Any CPU
		{AF70423E-6C32-4E72-98B4-9C4651B061AD}.Release|Any CPU.ActiveCfg = Release|Any CPU
		{AF70423E-6C32-4E72-98B4-9C4651B061AD}.Release|Any CPU.Build.0 = Release|Any CPU
		{AF70423E-6C32-4E72-98B4-9C4651B061AD}.Release|x64.ActiveCfg = Release|Any CPU
		{AF70423E-6C32-4E72-98B4-9C4651B061AD}.Release|x64.Build.0 = Release|Any CPU
		{AF70423E-6C32-4E72-98B4-9C4651B061AD}.Release|x86.ActiveCfg = Release|Any CPU
		{AF70423E-6C32-4E72-98B4-9C4651B061AD}.Release|x86.Build.0 = Release|Any CPU
	EndGlobalSection
	GlobalSection(SolutionProperties) = preSolution
		HideSolutionNode = FALSE
	EndGlobalSection
EndGlobal
